// !$*UTF8*$!
{
	archiveVersion = 1;
	classes = {
	};
	objectVersion = 46;
	objects = {

/* Begin PBXBuildFile section */
		A410C9351C8474BA0073882C /* callbacks.c in Sources */ = {isa = PBXBuildFile; fileRef = A410C92A1C8474BA0073882C /* callbacks.c */; };
		A410C9361C8474BA0073882C /* compress.c in Sources */ = {isa = PBXBuildFile; fileRef = A410C92B1C8474BA0073882C /* compress.c */; };
		A410C9371C8474BA0073882C /* host.c in Sources */ = {isa = PBXBuildFile; fileRef = A410C92C1C8474BA0073882C /* host.c */; };
		A410C9381C8474BA0073882C /* list.c in Sources */ = {isa = PBXBuildFile; fileRef = A410C92E1C8474BA0073882C /* list.c */; };
		A410C9391C8474BA0073882C /* packet.c in Sources */ = {isa = PBXBuildFile; fileRef = A410C92F1C8474BA0073882C /* packet.c */; };
		A410C93A1C8474BA0073882C /* peer.c in Sources */ = {isa = PBXBuildFile; fileRef = A410C9301C8474BA0073882C /* peer.c */; };
		A410C93B1C8474BA0073882C /* protocol.c in Sources */ = {isa = PBXBuildFile; fileRef = A410C9311C8474BA0073882C /* protocol.c */; };
		A410C93C1C8474BA0073882C /* server_proxy.c in Sources */ = {isa = PBXBuildFile; fileRef = A410C9321C8474BA0073882C /* server_proxy.c */; };
		A410C93D1C8474BA0073882C /* unix.c in Sources */ = {isa = PBXBuildFile; fileRef = A410C9341C8474BA0073882C /* unix.c */; };
/* End PBXBuildFile section */

/* Begin PBXCopyFilesBuildPhase section */
		A410C91C1C8474570073882C /* CopyFiles */ = {
			isa = PBXCopyFilesBuildPhase;
			buildActionMask = 2147483647;
			dstPath = "include/$(PRODUCT_NAME)";
			dstSubfolderSpec = 16;
			files = (
			);
			runOnlyForDeploymentPostprocessing = 0;
		};
/* End PBXCopyFilesBuildPhase section */

/* Begin PBXFileReference section */
		A410C91E1C8474570073882C /* libenet.a */ = {isa = PBXFileReference; explicitFileType = archive.ar; includeInIndex = 0; path = libenet.a; sourceTree = BUILT_PRODUCTS_DIR; };
		A410C92A1C8474BA0073882C /* callbacks.c */ = {isa = PBXFileReference; fileEncoding = 4; lastKnownFileType = sourcecode.c.c; name = callbacks.c; path = ../../callbacks.c; sourceTree = "<group>"; };
		A410C92B1C8474BA0073882C /* compress.c */ = {isa = PBXFileReference; fileEncoding = 4; lastKnownFileType = sourcecode.c.c; name = compress.c; path = ../../compress.c; sourceTree = "<group>"; };
		A410C92C1C8474BA0073882C /* host.c */ = {isa = PBXFileReference; fileEncoding = 4; lastKnownFileType = sourcecode.c.c; name = host.c; path = ../../host.c; sourceTree = "<group>"; };
		A410C92E1C8474BA0073882C /* list.c */ = {isa = PBXFileReference; fileEncoding = 4; lastKnownFileType = sourcecode.c.c; name = list.c; path = ../../list.c; sourceTree = "<group>"; };
		A410C92F1C8474BA0073882C /* packet.c */ = {isa = PBXFileReference; fileEncoding = 4; lastKnownFileType = sourcecode.c.c; name = packet.c; path = ../../packet.c; sourceTree = "<group>"; };
		A410C9301C8474BA0073882C /* peer.c */ = {isa = PBXFileReference; fileEncoding = 4; lastKnownFileType = sourcecode.c.c; name = peer.c; path = ../../peer.c; sourceTree = "<group>"; };
		A410C9311C8474BA0073882C /* protocol.c */ = {isa = PBXFileReference; fileEncoding = 4; lastKnownFileType = sourcecode.c.c; name = protocol.c; path = ../../protocol.c; sourceTree = "<group>"; };
		A410C9321C8474BA0073882C /* server_proxy.c */ = {isa = PBXFileReference; fileEncoding = 4; lastKnownFileType = sourcecode.c.c; name = server_proxy.c; path = ../../server_proxy.c; sourceTree = "<group>"; };
		A410C9331C8474BA0073882C /* server_proxy.h */ = {isa = PBXFileReference; fileEncoding = 4; lastKnownFileType = sourcecode.c.h; name = server_proxy.h; path = ../../server_proxy.h; sourceTree = "<group>"; };
		A410C9341C8474BA0073882C /* unix.c */ = {isa = PBXFileReference; fileEncoding = 4; lastKnownFileType = sourcecode.c.c; name = unix.c; path = ../../unix.c; sourceTree = "<group>"; };
/* End PBXFileReference section */

/* Begin PBXFrameworksBuildPhase section */
		A410C91B1C8474570073882C /* Frameworks */ = {
			isa = PBXFrameworksBuildPhase;
			buildActionMask = 2147483647;
			files = (
			);
			runOnlyForDeploymentPostprocessing = 0;
		};
/* End PBXFrameworksBuildPhase section */

/* Begin PBXGroup section */
		A410C9151C8474570073882C = {
			isa = PBXGroup;
			children = (
				A410C92A1C8474BA0073882C /* callbacks.c */,
				A410C92B1C8474BA0073882C /* compress.c */,
				A410C92C1C8474BA0073882C /* host.c */,
				A410C92E1C8474BA0073882C /* list.c */,
				A410C92F1C8474BA0073882C /* packet.c */,
				A410C9301C8474BA0073882C /* peer.c */,
				A410C9311C8474BA0073882C /* protocol.c */,
				A410C9321C8474BA0073882C /* server_proxy.c */,
				A410C9331C8474BA0073882C /* server_proxy.h */,
				A410C9341C8474BA0073882C /* unix.c */,
				A410C91F1C8474570073882C /* Products */,
			);
			sourceTree = "<group>";
		};
		A410C91F1C8474570073882C /* Products */ = {
			isa = PBXGroup;
			children = (
				A410C91E1C8474570073882C /* libenet.a */,
			);
			name = Products;
			sourceTree = "<group>";
		};
/* End PBXGroup section */

/* Begin PBXNativeTarget section */
		A410C91D1C8474570073882C /* enet */ = {
			isa = PBXNativeTarget;
			buildConfigurationList = A410C9271C8474570073882C /* Build configuration list for PBXNativeTarget "enet" */;
			buildPhases = (
				A410C91A1C8474570073882C /* Sources */,
				A410C91B1C8474570073882C /* Frameworks */,
				A410C91C1C8474570073882C /* CopyFiles */,
			);
			buildRules = (
			);
			dependencies = (
			);
			name = enet;
			productName = enet;
			productReference = A410C91E1C8474570073882C /* libenet.a */;
			productType = "com.apple.product-type.library.static";
		};
/* End PBXNativeTarget section */

/* Begin PBXProject section */
		A410C9161C8474570073882C /* Project object */ = {
			isa = PBXProject;
			attributes = {
				LastUpgradeCheck = 0720;
				ORGANIZATIONNAME = "kjianjun－iMac";
				TargetAttributes = {
					A410C91D1C8474570073882C = {
						CreatedOnToolsVersion = 7.2.1;
					};
				};
			};
			buildConfigurationList = A410C9191C8474570073882C /* Build configuration list for PBXProject "enet" */;
			compatibilityVersion = "Xcode 3.2";
			developmentRegion = English;
			hasScannedForEncodings = 0;
			knownRegions = (
				en,
			);
			mainGroup = A410C9151C8474570073882C;
			productRefGroup = A410C91F1C8474570073882C /* Products */;
			projectDirPath = "";
			projectRoot = "";
			targets = (
				A410C91D1C8474570073882C /* enet */,
			);
		};
/* End PBXProject section */

/* Begin PBXSourcesBuildPhase section */
		A410C91A1C8474570073882C /* Sources */ = {
			isa = PBXSourcesBuildPhase;
			buildActionMask = 2147483647;
			files = (
				A410C93B1C8474BA0073882C /* protocol.c in Sources */,
				A410C9351C8474BA0073882C /* callbacks.c in Sources */,
				A410C93D1C8474BA0073882C /* unix.c in Sources */,
				A410C9361C8474BA0073882C /* compress.c in Sources */,
				A410C9371C8474BA0073882C /* host.c in Sources */,
				A410C9381C8474BA0073882C /* list.c in Sources */,
				A410C9391C8474BA0073882C /* packet.c in Sources */,
				A410C93A1C8474BA0073882C /* peer.c in Sources */,
				A410C93C1C8474BA0073882C /* server_proxy.c in Sources */,
			);
			runOnlyForDeploymentPostprocessing = 0;
		};
/* End PBXSourcesBuildPhase section */

/* Begin XCBuildConfiguration section */
		A410C9251C8474570073882C /* Debug */ = {
			isa = XCBuildConfiguration;
			buildSettings = {
				ALWAYS_SEARCH_USER_PATHS = NO;
				CLANG_CXX_LANGUAGE_STANDARD = "gnu++0x";
				CLANG_CXX_LIBRARY = "libc++";
				CLANG_ENABLE_MODULES = YES;
				CLANG_ENABLE_OBJC_ARC = YES;
				CLANG_WARN_BOOL_CONVERSION = YES;
				CLANG_WARN_CONSTANT_CONVERSION = YES;
				CLANG_WARN_DIRECT_OBJC_ISA_USAGE = YES_ERROR;
				CLANG_WARN_EMPTY_BODY = YES;
				CLANG_WARN_ENUM_CONVERSION = YES;
				CLANG_WARN_INT_CONVERSION = YES;
				CLANG_WARN_OBJC_ROOT_CLASS = YES_ERROR;
				CLANG_WARN_UNREACHABLE_CODE = YES;
				CLANG_WARN__DUPLICATE_METHOD_MATCH = YES;
				"CODE_SIGN_IDENTITY[sdk=iphoneos*]" = "iPhone Developer";
				COPY_PHASE_STRIP = NO;
				DEBUG_INFORMATION_FORMAT = dwarf;
				ENABLE_STRICT_OBJC_MSGSEND = YES;
				ENABLE_TESTABILITY = YES;
				GCC_C_LANGUAGE_STANDARD = gnu99;
				GCC_DYNAMIC_NO_PIC = NO;
				GCC_NO_COMMON_BLOCKS = YES;
				GCC_OPTIMIZATION_LEVEL = 0;
				GCC_PREPROCESSOR_DEFINITIONS = (
					"DEBUG=1",
					"$(inherited)",
				);
				GCC_WARN_64_TO_32_BIT_CONVERSION = YES;
				GCC_WARN_ABOUT_RETURN_TYPE = YES_ERROR;
				GCC_WARN_UNDECLARED_SELECTOR = YES;
				GCC_WARN_UNINITIALIZED_AUTOS = YES_AGGRESSIVE;
				GCC_WARN_UNUSED_FUNCTION = YES;
				GCC_WARN_UNUSED_VARIABLE = YES;
				IPHONEOS_DEPLOYMENT_TARGET = 9.2;
				MTL_ENABLE_DEBUG_INFO = YES;
				ONLY_ACTIVE_ARCH = YES;
				SDKROOT = iphoneos;
			};
			name = Debug;
		};
		A410C9261C8474570073882C /* Release */ = {
			isa = XCBuildConfiguration;
			buildSettings = {
				ALWAYS_SEARCH_USER_PATHS = NO;
				CLANG_CXX_LANGUAGE_STANDARD = "gnu++0x";
				CLANG_CXX_LIBRARY = "libc++";
				CLANG_ENABLE_MODULES = YES;
				CLANG_ENABLE_OBJC_ARC = YES;
				CLANG_WARN_BOOL_CONVERSION = YES;
				CLANG_WARN_CONSTANT_CONVERSION = YES;
				CLANG_WARN_DIRECT_OBJC_ISA_USAGE = YES_ERROR;
				CLANG_WARN_EMPTY_BODY = YES;
				CLANG_WARN_ENUM_CONVERSION = YES;
				CLANG_WARN_INT_CONVERSION = YES;
				CLANG_WARN_OBJC_ROOT_CLASS = YES_ERROR;
				CLANG_WARN_UNREACHABLE_CODE = YES;
				CLANG_WARN__DUPLICATE_METHOD_MATCH = YES;
				"CODE_SIGN_IDENTITY[sdk=iphoneos*]" = "iPhone Developer";
				COPY_PHASE_STRIP = NO;
				DEBUG_INFORMATION_FORMAT = "dwarf-with-dsym";
				ENABLE_NS_ASSERTIONS = NO;
				ENABLE_STRICT_OBJC_MSGSEND = YES;
				GCC_C_LANGUAGE_STANDARD = gnu99;
				GCC_NO_COMMON_BLOCKS = YES;
				GCC_WARN_64_TO_32_BIT_CONVERSION = YES;
				GCC_WARN_ABOUT_RETURN_TYPE = YES_ERROR;
				GCC_WARN_UNDECLARED_SELECTOR = YES;
				GCC_WARN_UNINITIALIZED_AUTOS = YES_AGGRESSIVE;
				GCC_WARN_UNUSED_FUNCTION = YES;
				GCC_WARN_UNUSED_VARIABLE = YES;
				IPHONEOS_DEPLOYMENT_TARGET = 9.2;
				MTL_ENABLE_DEBUG_INFO = NO;
				SDKROOT = iphoneos;
				VALIDATE_PRODUCT = YES;
			};
			name = Release;
		};
		A410C9281C8474570073882C /* Debug */ = {
			isa = XCBuildConfiguration;
			buildSettings = {
				HEADER_SEARCH_PATHS = "$(PROJECT_DIR)/../../include";
				OTHER_LDFLAGS = "-ObjC";
				PRODUCT_NAME = "$(TARGET_NAME)";
				SKIP_INSTALL = YES;
			};
			name = Debug;
		};
		A410C9291C8474570073882C /* Release */ = {
			isa = XCBuildConfiguration;
			buildSettings = {
				HEADER_SEARCH_PATHS = "$(PROJECT_DIR)/../../include";
				OTHER_LDFLAGS = "-ObjC";
				PRODUCT_NAME = "$(TARGET_NAME)";
				SKIP_INSTALL = YES;
			};
			name = Release;
		};
/* End XCBuildConfiguration section */

/* Begin XCConfigurationList section */
		A410C9191C8474570073882C /* Build configuration list for PBXProject "enet" */ = {
			isa = XCConfigurationList;
			buildConfigurations = (
				A410C9251C8474570073882C /* Debug */,
				A410C9261C8474570073882C /* Release */,
			);
			defaultConfigurationIsVisible = 0;
			defaultConfigurationName = Release;
		};
		A410C9271C8474570073882C /* Build configuration list for PBXNativeTarget "enet" */ = {
			isa = XCConfigurationList;
			buildConfigurations = (
				A410C9281C8474570073882C /* Debug */,
				A410C9291C8474570073882C /* Release */,
			);
			defaultConfigurationIsVisible = 0;
		};
/* End XCConfigurationList section */
	};
	rootObject = A410C9161C8474570073882C /* Project object */;
}
